Microsoft Visual Studio Solution File, Format Version 12.00
# Visual Studio 15
VisualStudioVersion = 15.0.26124.0
MinimumVisualStudioVersion = 15.0.26124.0
Project("{FAE04EC0-301F-11D3-BF4B-00C04F79EFBC}") = "OpenApiJsonResponseValidator", "OpenApiJsonResponseValidator\OpenApiJsonResponseValidator.csproj", "{5922AEA8-5E9C-4028-999A-7D108DDE0C66}"
EndProject
Project("{FAE04EC0-301F-11D3-BF4B-00C04F79EFBC}") = "OpenApiJsonResponseValidator.Tests", "OpenApiJsonResponseValidator.Tests\OpenApiJsonResponseValidator.Tests.csproj", "{13EBFD35-D162-41BD-ACA0-A7E3C1BF64A2}"
EndProject
Global
	GlobalSection(SolutionConfigurationPlatforms) = preSolution
		Debug|Any CPU = Debug|Any CPU
		Debug|x64 = Debug|x64
		Debug|x86 = Debug|x86
		Release|Any CPU = Release|Any CPU
		Release|x64 = Release|x64
		Release|x86 = Release|x86
	EndGlobalSection
	GlobalSection(ProjectConfigurationPlatforms) = postSolution
		{5922AEA8-5E9C-4028-999A-7D108DDE0C66}.Debug|Any CPU.ActiveCfg = Debug|Any CPU
        {5922AEA8-5E9C-4028-999A-7D108DDE0C66}.Debug|Any CPU.Build.0 = Debug|Any CPU
        {5922AEA8-5E9C-4028-999A-7D108DDE0C66}.Debug|x64.ActiveCfg = Debug|x64
        {5922AEA8-5E9C-4028-999A-7D108DDE0C66}.Debug|x64.Build.0 = Debug|x64
        {5922AEA8-5E9C-4028-999A-7D108DDE0C66}.Debug|x86.ActiveCfg = Debug|x86
        {5922AEA8-5E9C-4028-999A-7D108DDE0C66}.Debug|x86.Build.0 = Debug|x86
        {5922AEA8-5E9C-4028-999A-7D108DDE0C66}.Release|Any CPU.ActiveCfg = Release|Any CPU
        {5922AEA8-5E9C-4028-999A-7D108DDE0C66}.Release|Any CPU.Build.0 = Release|Any CPU
        {5922AEA8-5E9C-4028-999A-7D108DDE0C66}.Release|x64.ActiveCfg = Release|x64
        {5922AEA8-5E9C-4028-999A-7D108DDE0C66}.Release|x64.Build.0 = Release|x64
        {5922AEA8-5E9C-4028-999A-7D108DDE0C66}.Release|x86.ActiveCfg = Release|x86
        {5922AEA8-5E9C-4028-999A-7D108DDE0C66}.Release|x86.Build.0 = Release|x86
		{13EBFD35-D162-41BD-ACA0-A7E3C1BF64A2}.Debug|Any CPU.ActiveCfg = Debug|Any CPU
		{13EBFD35-D162-41BD-ACA0-A7E3C1BF64A2}.Debug|Any CPU.Build.0 = Debug|Any CPU
		{13EBFD35-D162-41BD-ACA0-A7E3C1BF64A2}.Debug|x64.ActiveCfg = Debug|Any CPU
		{13EBFD35-D162-41BD-ACA0-A7E3C1BF64A2}.Debug|x64.Build.0 = Debug|Any CPU
		{13EBFD35-D162-41BD-ACA0-A7E3C1BF64A2}.Debug|x86.ActiveCfg = Debug|Any CPU
		{13EBFD35-D162-41BD-ACA0-A7E3C1BF64A2}.Debug|x86.Build.0 = Debug|Any CPU
		{13EBFD35-D162-41BD-ACA0-A7E3C1BF64A2}.Release|Any CPU.ActiveCfg = Release|Any CPU
		{13EBFD35-D162-41BD-ACA0-A7E3C1BF64A2}.Release|Any CPU.Build.0 = Release|Any CPU
		{13EBFD35-D162-41BD-ACA0-A7E3C1BF64A2}.Release|x64.ActiveCfg = Release|Any CPU
		{13EBFD35-D162-41BD-ACA0-A7E3C1BF64A2}.Release|x64.Build.0 = Release|Any CPU
		{13EBFD35-D162-41BD-ACA0-A7E3C1BF64A2}.Release|x86.ActiveCfg = Release|Any CPU
		{13EBFD35-D162-41BD-ACA0-A7E3C1BF64A2}.Release|x86.Build.0 = Release|Any CPU
	EndGlobalSection
	GlobalSection(SolutionProperties) = preSolution
		HideSolutionNode = FALSE
	EndGlobalSection
EndGlobal